{
  "version": "3",
  "packages": {
    "specifiers": {
      "jsr:@oak/commons@0.7": "jsr:@oak/commons@0.7.0",
      "jsr:@std/assert@0.218": "jsr:@std/assert@0.218.2",
      "jsr:@std/assert@^0.218.2": "jsr:@std/assert@0.218.2",
      "jsr:@std/bytes@0.218": "jsr:@std/bytes@0.218.2",
      "jsr:@std/bytes@^0.218.2": "jsr:@std/bytes@0.218.2",
      "jsr:@std/crypto@0.218": "jsr:@std/crypto@0.218.2",
      "jsr:@std/encoding@0.218": "jsr:@std/encoding@0.218.2",
      "jsr:@std/encoding@^0.218.2": "jsr:@std/encoding@0.218.2",
      "jsr:@std/http@0.218": "jsr:@std/http@0.218.2",
      "jsr:@std/io@0.218": "jsr:@std/io@0.218.2",
      "jsr:@std/media-types@0.218": "jsr:@std/media-types@0.218.2",
      "jsr:@std/path@0.218": "jsr:@std/path@0.218.2",
      "npm:path-to-regexp@6.2.1": "npm:path-to-regexp@6.2.1",
      "npm:sessionless-node@^0.10.1": "npm:sessionless-node@0.10.1"
    },
    "jsr": {
      "@oak/commons@0.7.0": {
        "integrity": "4bd889b3dc9ddac1b602034d88c137f06de7078775961b51081beb5f175c120b"
      },
      "@std/assert@0.218.2": {
        "integrity": "7f0a5a1a8cf86607cd6c2c030584096e1ffad27fc9271429a8cb48cfbdee5eaf"
      },
      "@std/bytes@0.218.2": {
        "integrity": "91fe54b232dcca73856b79a817247f4a651dbb60d51baafafb6408c137241670"
      },
      "@std/crypto@0.218.2": {
        "integrity": "8c5031a3a1c3ac3bed3c0d4bed2fe7e7faedcb673bbfa0edd10570c8452f5cd2",
        "dependencies": [
          "jsr:@std/assert@^0.218.2",
          "jsr:@std/encoding@^0.218.2"
        ]
      },
      "@std/encoding@0.218.2": {
        "integrity": "da55a763c29bf0dbf06fd286430b358266eb99c28789d89fe9a3e28edecb8d8e"
      },
      "@std/http@0.218.2": {
        "integrity": "54223b62702e665b9dab6373ea2e51235e093ef47228d21cfa0469ee5ac75c9b",
        "dependencies": [
          "jsr:@std/assert@^0.218.2",
          "jsr:@std/encoding@^0.218.2"
        ]
      },
      "@std/io@0.218.2": {
        "integrity": "c64fbfa087b7c9d4d386c5672f291f607d88cb7d44fc299c20c713e345f2785f",
        "dependencies": [
          "jsr:@std/bytes@^0.218.2"
        ]
      },
      "@std/media-types@0.218.2": {
        "integrity": "1ed3bd2a05e44bad3fc2bab1767d0ce7f2fd68baee62a980751ce51633acb788"
      },
      "@std/path@0.218.2": {
        "integrity": "b568fd923d9e53ad76d17c513e7310bda8e755a3e825e6289a0ce536404e2662",
        "dependencies": [
          "jsr:@std/assert@^0.218.2"
        ]
      }
    },
    "npm": {
      "@noble/curves@1.3.0": {
        "integrity": "sha512-t01iSXPuN+Eqzb4eBX0S5oubSqXbK/xXa1Ne18Hj8f9pStxztHCE2gfboSp/dZRLSqfuLpRK2nDXDK+W9puocA==",
        "dependencies": {
          "@noble/hashes": "@noble/hashes@1.3.3"
        }
      },
      "@noble/hashes@1.3.3": {
        "integrity": "sha512-V7/fPHgl+jsVPXqqeOzT8egNj2iBIVt+ECeMMG8TdcnTikP3oaBtUVqpT/gYCR68aEBJSF+XbYUxStjbFMqIIA==",
        "dependencies": {}
      },
      "@scure/base@1.1.6": {
        "integrity": "sha512-ok9AWwhcgYuGG3Zfhyqg+zwl+Wn5uE+dwC0NV/2qQkx4dABbb/bx96vWu8NSj+BNjjSjno+JRYRjle1jV08k3g==",
        "dependencies": {}
      },
      "@scure/bip32@1.3.3": {
        "integrity": "sha512-LJaN3HwRbfQK0X1xFSi0Q9amqOgzQnnDngIt+ZlsBC3Bm7/nE7K0kwshZHyaru79yIVRv/e1mQAjZyuZG6jOFQ==",
        "dependencies": {
          "@noble/curves": "@noble/curves@1.3.0",
          "@noble/hashes": "@noble/hashes@1.3.3",
          "@scure/base": "@scure/base@1.1.6"
        }
      },
      "@scure/bip39@1.2.2": {
        "integrity": "sha512-HYf9TUXG80beW+hGAt3TRM8wU6pQoYur9iNypTROm42dorCGmLnFe3eWjz3gOq6G62H2WRh0FCzAR1PI+29zIA==",
        "dependencies": {
          "@noble/hashes": "@noble/hashes@1.3.3",
          "@scure/base": "@scure/base@1.1.6"
        }
      },
      "ethereum-cryptography@2.1.3": {
        "integrity": "sha512-BlwbIL7/P45W8FGW2r7LGuvoEZ+7PWsniMvQ4p5s2xCyw9tmaDlpfsN9HjAucbF+t/qpVHwZUisgfK24TCW8aA==",
        "dependencies": {
          "@noble/curves": "@noble/curves@1.3.0",
          "@noble/hashes": "@noble/hashes@1.3.3",
          "@scure/bip32": "@scure/bip32@1.3.3",
          "@scure/bip39": "@scure/bip39@1.2.2"
        }
      },
      "path-to-regexp@6.2.1": {
        "integrity": "sha512-JLyh7xT1kizaEvcaXOQwOc2/Yhw6KZOvPf1S8401UyLk86CU79LN3vl7ztXGm/pZ+YjoyAJ4rxmHwbkBXJX+yw==",
        "dependencies": {}
      },
      "sessionless-node@0.10.1": {
        "integrity": "sha512-dth4760Odf5BbXSCX06LjK7S5fIbcoXLvB7brdjFxPjp355YOgaj3sZZsp1aiDRoRM2KQlH1Nd/c0cOMe7MGfQ==",
        "dependencies": {
          "ethereum-cryptography": "ethereum-cryptography@2.1.3",
          "uuid": "uuid@9.0.1"
        }
      },
      "uuid@9.0.1": {
        "integrity": "sha512-b+1eJOlsR9K8HJpow9Ok3fiWOWSIcIzXodvv0rQjVoOVNpWMpxf1wZNpt4y9h10odCNrqnYp1OBzRktckBe3sA==",
        "dependencies": {}
      }
    }
  },
  "redirects": {
    "https://deno.land/x/cors/mod.ts": "https://deno.land/x/cors@v1.2.2/mod.ts",
    "https://deno.land/x/oak/mod.ts": "https://deno.land/x/oak@14.2.0/mod.ts"
  },
  "remote": {
    "https://deno.land/x/cors@v1.2.2/abcCors.ts": "cdf83a7eaa69a1bf3ab910d18b9422217902fac47601adcaf0afac5a61845d48",
    "https://deno.land/x/cors@v1.2.2/attainCors.ts": "7d6aba0f942495cc31119604e0895c9bb8edd8f8baa7fe78e6c655bd0b4cbf59",
    "https://deno.land/x/cors@v1.2.2/cors.ts": "0e2d9167e3685f9bcf48f565e312b6e1883fa458f7337e5ce7bc2e3b29767980",
    "https://deno.land/x/cors@v1.2.2/mithCors.ts": "3a359d6e716e0410ede278ab54d875b293a2d66d838aaa7cfbf9ddc1e9e990d3",
    "https://deno.land/x/cors@v1.2.2/mod.ts": "2b351913f56d77ad80cb3b8633d4539c9eeddb426dae79437ada0e6a9cb4f1a6",
    "https://deno.land/x/cors@v1.2.2/oakCors.ts": "1348dc7673c61b85d2e80559a7b44f8e0246eaa6bcc6ec744fafe5d9b13b5c71",
    "https://deno.land/x/cors@v1.2.2/opineCors.ts": "fb5790115c26b7061d84b8d6c17d258a1e241bcab75b0bc3ca1fdb2e57bc5072",
    "https://deno.land/x/cors@v1.2.2/types.ts": "97546633ccc7f0df7a29bacba5d91dc6f61decdd1b65258300244dba905d34b8",
    "https://deno.land/x/oak@14.2.0/application.ts": "27242ca872580c44321b71e2581bcb7a81004b326b06bb7e90c2625278e405c2",
    "https://deno.land/x/oak@14.2.0/body.ts": "da0ad584c6fb8acbe3ccad288ebb5e5cfd5e65e8186c0f6d43516bb6c11fb968",
    "https://deno.land/x/oak@14.2.0/content_disposition.ts": "8b8c3cb2fba7138cd5b7f82fc3b5ea39b33db924a824b28261659db7e164621e",
    "https://deno.land/x/oak@14.2.0/context.ts": "6a48ba99151478c5f7fd84072f722f9d20dd73816f175f001dbb8716a5225f6f",
    "https://deno.land/x/oak@14.2.0/deps.ts": "9fdb7a99720ad023d609dda13f5d0cb995e8b5cc0e223e08cf2b1fb94c1ddca6",
    "https://deno.land/x/oak@14.2.0/etag.ts": "68d2b34b6bbf41a5e57181f26a90e22ab2f5230d77bf7679b567444fb1a107de",
    "https://deno.land/x/oak@14.2.0/form_data.ts": "dd3599c3b8e47e154434bf43049898187519117403d3494433a68d708f0d1937",
    "https://deno.land/x/oak@14.2.0/forwarded.ts": "97fa621071e4878ce64196055b49cdf8ee63f1bb39185c9446bfb817c209bcc9",
    "https://deno.land/x/oak@14.2.0/headers.ts": "4d74f92a6eda8746473612c04176823e3d12c52189aa4239e624a8ae61835f14",
    "https://deno.land/x/oak@14.2.0/helpers.ts": "d198b50cb13abb1629406882a483c078015d75b3343991ad8ec69aabff879372",
    "https://deno.land/x/oak@14.2.0/http_server_bun.ts": "7d36a3caab01578545257f8d197abc063d30f2df88529ba2e845006c74223910",
    "https://deno.land/x/oak@14.2.0/http_server_native.ts": "ee1598e4bf798a0f6dfc04cde6639d318f73ae25963b13bacc355466e369758a",
    "https://deno.land/x/oak@14.2.0/http_server_native_request.ts": "e34b9ef0e4a52bd3d5d761fff010256612e538aba1bef643c5ea805931e6a410",
    "https://deno.land/x/oak@14.2.0/http_server_node.ts": "9ab25aae469e52aecd4cca85345a8e8ad9af6112a96728c13900ab6d51558ab9",
    "https://deno.land/x/oak@14.2.0/middleware.ts": "5165e0c18f0a3b92bf01ca9d9f0ae211b30ca9b23a9460f11334459a2ff715aa",
    "https://deno.land/x/oak@14.2.0/middleware/proxy.ts": "c136d22c3e396fdee6a9c2e2ba65388bb895d0f82af412c197bc7cda69e5664e",
    "https://deno.land/x/oak@14.2.0/middleware/serve.ts": "83f6559b4cd5e5d30bcbe6acc8478bb7dbcb98af719952bc2810e2d6ead664ea",
    "https://deno.land/x/oak@14.2.0/mod.ts": "0d29f7941ab1f170436a15c3c1f5de4fa94fbe32f4ec79732ed6e06c6b581ceb",
    "https://deno.land/x/oak@14.2.0/node_shims.ts": "4db1569b2b79b73f37c4d947f4aaa50a93e266d48fe67601c8a31af17a28884d",
    "https://deno.land/x/oak@14.2.0/range.ts": "789cb5bc86987843c4ea47e054cad6ceacfbe853c0a57f37a46596b8215c458e",
    "https://deno.land/x/oak@14.2.0/request.ts": "86ea0498e934257ecc07d15ea83493547d9db49a29ae98b4bc76ab234e7d862b",
    "https://deno.land/x/oak@14.2.0/response.ts": "b1985ece7b727d5ba8830ada09318f98ff967b25f63f3e976fc2ebda03b59750",
    "https://deno.land/x/oak@14.2.0/router.ts": "568e45888c8a2a571e983129f337f8a944f492653ec943328dd58a4eb914c599",
    "https://deno.land/x/oak@14.2.0/send.ts": "2ca6b54b16092ab209e2cbea1803947d101c5381bd59a84df5ce44cb1811999d",
    "https://deno.land/x/oak@14.2.0/structured_clone.ts": "a01fa10ea9aae733264557f962630f155873d3bf45dbb2a8e53be5daa1b8cf5a",
    "https://deno.land/x/oak@14.2.0/testing.ts": "157711ade8634f9377ca87147db4317861d51388c82e0da4ae829c142a123db8",
    "https://deno.land/x/oak@14.2.0/types.ts": "09f0494db5d642e3492d23cd46da665d2df2590ef7e987b0412659260453d1f9",
    "https://deno.land/x/oak@14.2.0/util.ts": "22fb55001472158ed4bdf53ce1a6848e10860507aa9a2e16d0b92d2b420f2a90"
  },
  "workspace": {
    "dependencies": [
      "npm:sessionless-node@^0.10.1"
    ]
  }
}
