PODS:
  - MAGICPOD (0.1.0):
    - Sessionless (= 0.10.1)
  - Nimble (10.0.0)
  - Quick (2.2.1)
  - Sessionless (0.10.1)

DEPENDENCIES:
  - MAGICPOD (from `../`)
  - Nimble (~> 10.0.0)
  - Quick (~> 2.2.0)
  - Sessionless (from `../../../../../../sessionless/src/swift/client-ios/Sessionless`)

SPEC REPOS:
  trunk:
    - Nimble
    - Quick

EXTERNAL SOURCES:
  MAGICPOD:
    :path: "../"
  Sessionless:
    :path: "../../../../../../sessionless/src/swift/client-ios/Sessionless"

SPEC CHECKSUMS:
  MAGICPOD: 289a63be64ba7205ada1b76a22c11737bb45c742
  Nimble: 5316ef81a170ce87baf72dd961f22f89a602ff84
  Quick: f5754d69b7013f5864c29aab9ae6f0c79c5bc200
  Sessionless: 9e84a2b3f521bddfd54a2272fbbd9172ce5ab5d5

PODFILE CHECKSUM: eff1b0ec7509bd4fee356a8b6791df4d133113bc

COCOAPODS: 1.15.2
